
Microsoft Visual Studio Solution File, Format Version 12.00
# Visual Studio 14
VisualStudioVersion = 14.0.24720.0
MinimumVisualStudioVersion = 10.0.40219.1
Project("{FAE04EC0-301F-11D3-BF4B-00C04F79EFBC}") = "Acodal.WebApi", "Acodal.WebApi\Acodal.WebApi.csproj", "{75BE71D7-77A6-4026-A5D4-6836B5A8DD11}"
EndProject
Project("{FAE04EC0-301F-11D3-BF4B-00C04F79EFBC}") = "Repository", "Repository\Repository.csproj", "{A4C3BCBB-5E54-4958-80A0-F8C3C92CD66B}"
EndProject
Project("{FAE04EC0-301F-11D3-BF4B-00C04F79EFBC}") = "Business", "Business\Business.csproj", "{763CA81D-6456-4F08-BA78-4871F77E37FF}"
EndProject
Global
	GlobalSection(SolutionConfigurationPlatforms) = preSolution
		Debug|Any CPU = Debug|Any CPU
		Release|Any CPU = Release|Any CPU
	EndGlobalSection
	GlobalSection(ProjectConfigurationPlatforms) = postSolution
		{75BE71D7-77A6-4026-A5D4-6836B5A8DD11}.Debug|Any CPU.ActiveCfg = Debug|Any CPU
		{75BE71D7-77A6-4026-A5D4-6836B5A8DD11}.Debug|Any CPU.Build.0 = Debug|Any CPU
		{75BE71D7-77A6-4026-A5D4-6836B5A8DD11}.Release|Any CPU.ActiveCfg = Release|Any CPU
		{75BE71D7-77A6-4026-A5D4-6836B5A8DD11}.Release|Any CPU.Build.0 = Release|Any CPU
		{A4C3BCBB-5E54-4958-80A0-F8C3C92CD66B}.Debug|Any CPU.ActiveCfg = Debug|Any CPU
		{A4C3BCBB-5E54-4958-80A0-F8C3C92CD66B}.Debug|Any CPU.Build.0 = Debug|Any CPU
		{A4C3BCBB-5E54-4958-80A0-F8C3C92CD66B}.Release|Any CPU.ActiveCfg = Release|Any CPU
		{A4C3BCBB-5E54-4958-80A0-F8C3C92CD66B}.Release|Any CPU.Build.0 = Release|Any CPU
		{763CA81D-6456-4F08-BA78-4871F77E37FF}.Debug|Any CPU.ActiveCfg = Debug|Any CPU
		{763CA81D-6456-4F08-BA78-4871F77E37FF}.Debug|Any CPU.Build.0 = Debug|Any CPU
		{763CA81D-6456-4F08-BA78-4871F77E37FF}.Release|Any CPU.ActiveCfg = Release|Any CPU
		{763CA81D-6456-4F08-BA78-4871F77E37FF}.Release|Any CPU.Build.0 = Release|Any CPU
	EndGlobalSection
	GlobalSection(SolutionProperties) = preSolution
		HideSolutionNode = FALSE
	EndGlobalSection
EndGlobal
